
Microsoft Visual Studio Solution File, Format Version 12.00
# Visual Studio 15
VisualStudioVersion = 15.0.28010.2050
MinimumVisualStudioVersion = 10.0.40219.1
Project("{FAE04EC0-301F-11D3-BF4B-00C04F79EFBC}") = "ADondeIr.BusinessLogic", "ADondeIr.BusinessLogic\ADondeIr.BusinessLogic.csproj", "{C6416DE9-6185-4E56-A209-6E237B5CC100}"
EndProject
Project("{FAE04EC0-301F-11D3-BF4B-00C04F79EFBC}") = "ADondeIr.Common", "ADondeIr.Common\ADondeIr.Common.csproj", "{E42151F8-0BEC-4065-BD3D-8F1CF2D5716A}"
EndProject
Project("{FAE04EC0-301F-11D3-BF4B-00C04F79EFBC}") = "ADondeIr.DataAccess", "ADondeIr.DataAccess\ADondeIr.DataAccess.csproj", "{66712A31-1F50-49B2-BECE-2130C9684B62}"
EndProject
Project("{FAE04EC0-301F-11D3-BF4B-00C04F79EFBC}") = "ADondeIr.Model", "ADondeIr.Model\ADondeIr.Model.csproj", "{B25E0F20-6E2E-428D-B440-42E7C2A9E7D9}"
EndProject
Project("{FAE04EC0-301F-11D3-BF4B-00C04F79EFBC}") = "ADondeIr.Frontend", "ADondeIr.Frontend\ADondeIr.Frontend.csproj", "{CE2A3729-95B4-4433-8485-F132E55C41D0}"
EndProject
Global
	GlobalSection(SolutionConfigurationPlatforms) = preSolution
		Debug|Any CPU = Debug|Any CPU
		Release|Any CPU = Release|Any CPU
	EndGlobalSection
	GlobalSection(ProjectConfigurationPlatforms) = postSolution
		{C6416DE9-6185-4E56-A209-6E237B5CC100}.Debug|Any CPU.ActiveCfg = Debug|Any CPU
		{C6416DE9-6185-4E56-A209-6E237B5CC100}.Debug|Any CPU.Build.0 = Debug|Any CPU
		{C6416DE9-6185-4E56-A209-6E237B5CC100}.Release|Any CPU.ActiveCfg = Release|Any CPU
		{C6416DE9-6185-4E56-A209-6E237B5CC100}.Release|Any CPU.Build.0 = Release|Any CPU
		{E42151F8-0BEC-4065-BD3D-8F1CF2D5716A}.Debug|Any CPU.ActiveCfg = Debug|Any CPU
		{E42151F8-0BEC-4065-BD3D-8F1CF2D5716A}.Debug|Any CPU.Build.0 = Debug|Any CPU
		{E42151F8-0BEC-4065-BD3D-8F1CF2D5716A}.Release|Any CPU.ActiveCfg = Release|Any CPU
		{E42151F8-0BEC-4065-BD3D-8F1CF2D5716A}.Release|Any CPU.Build.0 = Release|Any CPU
		{66712A31-1F50-49B2-BECE-2130C9684B62}.Debug|Any CPU.ActiveCfg = Debug|Any CPU
		{66712A31-1F50-49B2-BECE-2130C9684B62}.Debug|Any CPU.Build.0 = Debug|Any CPU
		{66712A31-1F50-49B2-BECE-2130C9684B62}.Release|Any CPU.ActiveCfg = Release|Any CPU
		{66712A31-1F50-49B2-BECE-2130C9684B62}.Release|Any CPU.Build.0 = Release|Any CPU
		{B25E0F20-6E2E-428D-B440-42E7C2A9E7D9}.Debug|Any CPU.ActiveCfg = Debug|Any CPU
		{B25E0F20-6E2E-428D-B440-42E7C2A9E7D9}.Debug|Any CPU.Build.0 = Debug|Any CPU
		{B25E0F20-6E2E-428D-B440-42E7C2A9E7D9}.Release|Any CPU.ActiveCfg = Release|Any CPU
		{B25E0F20-6E2E-428D-B440-42E7C2A9E7D9}.Release|Any CPU.Build.0 = Release|Any CPU
		{CE2A3729-95B4-4433-8485-F132E55C41D0}.Debug|Any CPU.ActiveCfg = Debug|Any CPU
		{CE2A3729-95B4-4433-8485-F132E55C41D0}.Debug|Any CPU.Build.0 = Debug|Any CPU
		{CE2A3729-95B4-4433-8485-F132E55C41D0}.Release|Any CPU.ActiveCfg = Release|Any CPU
		{CE2A3729-95B4-4433-8485-F132E55C41D0}.Release|Any CPU.Build.0 = Release|Any CPU
	EndGlobalSection
	GlobalSection(SolutionProperties) = preSolution
		HideSolutionNode = FALSE
	EndGlobalSection
	GlobalSection(ExtensibilityGlobals) = postSolution
		SolutionGuid = {6FD26C70-B289-4D2C-9D84-12D683C593C5}
	EndGlobalSection
EndGlobal
